
Microsoft Visual Studio Solution File, Format Version 12.00
# Visual Studio Version 17
VisualStudioVersion = 17.5.33516.290
MinimumVisualStudioVersion = 10.0.40219.1
Project("{8BC9CEB8-8B4A-11D0-8D11-00A0C91BC942}") = "AI_C2", "AI_C2\AI_C2.vcxproj", "{522FD4CB-BA7D-424A-8804-6946CA45E4C2}"
EndProject
Project("{8BC9CEB8-8B4A-11D0-8D11-00A0C91BC942}") = "HW01_Bomb", "HW01_Bomb\HW01_Bomb.vcxproj", "{EDB70202-741F-4485-B3DA-0A58E47CE963}"
EndProject
Project("{8BC9CEB8-8B4A-11D0-8D11-00A0C91BC942}") = "Lecture04", "Lecture04\Lecture04.vcxproj", "{89DA4E60-CAF3-4E29-AA9D-66887D9D4A68}"
EndProject
Project("{8BC9CEB8-8B4A-11D0-8D11-00A0C91BC942}") = "HW02_Array2", "HW02_Array2\HW02_Array2.vcxproj", "{E1D8B4FA-C75B-4C15-B157-F192ABE6B6CD}"
EndProject
Project("{8BC9CEB8-8B4A-11D0-8D11-00A0C91BC942}") = "HW03-2_Array", "HW03-2_Array\HW03-2_Array.vcxproj", "{F7F678A3-1857-4F8A-8C6A-9520CA2BFC5D}"
EndProject
Project("{8BC9CEB8-8B4A-11D0-8D11-00A0C91BC942}") = "Lecture07", "Lecture07\Lecture07.vcxproj", "{1B23B095-E30E-407A-8EDC-D12C2FC8EB32}"
EndProject
Project("{8BC9CEB8-8B4A-11D0-8D11-00A0C91BC942}") = "Lecture07-e", "Lecture07-e\Lecture07-e.vcxproj", "{7B604E71-FB34-436E-BA3E-7B617154D5CA}"
EndProject
Project("{8BC9CEB8-8B4A-11D0-8D11-00A0C91BC942}") = "Lecture07-3", "Lecture07-3\Lecture07-3.vcxproj", "{58AB4D71-4F5F-453A-9AF5-C88AF01A5DCF}"
EndProject
Project("{8BC9CEB8-8B4A-11D0-8D11-00A0C91BC942}") = "Lecture07-g", "Lecture07-g\Lecture07-g.vcxproj", "{96E82BA6-3FAC-4CAF-991D-30DC1AD38B3A}"
EndProject
Project("{8BC9CEB8-8B4A-11D0-8D11-00A0C91BC942}") = "Lecture08_File", "Lecture08_File\Lecture08_File.vcxproj", "{F7F4D293-2FF9-48A6-8CEE-A63B8F2AD5B8}"
EndProject
Project("{8BC9CEB8-8B4A-11D0-8D11-00A0C91BC942}") = "Lecture08_Struct", "Lecture08_Struct\Lecture08_Struct.vcxproj", "{9A3AB24C-6E6D-48EA-92F4-112D57C0A98E}"
EndProject
Project("{8BC9CEB8-8B4A-11D0-8D11-00A0C91BC942}") = "Lecture09", "Lecture09\Lecture09.vcxproj", "{82C9AE32-8CB5-40C3-B7E1-DFF3B355B240}"
EndProject
Project("{8BC9CEB8-8B4A-11D0-8D11-00A0C91BC942}") = "Lecture09_3", "Lecture09_3\Lecture09_3.vcxproj", "{9EB33A0D-88E8-4C80-B2E3-15699D49C60C}"
EndProject
Project("{8BC9CEB8-8B4A-11D0-8D11-00A0C91BC942}") = "MidtermExam", "MidtermExam\MidtermExam.vcxproj", "{CB566344-7EBA-47EF-8A96-B9C956FEC28B}"
EndProject
Project("{8BC9CEB8-8B4A-11D0-8D11-00A0C91BC942}") = "Lecture09-2", "Lecture09-2\Lecture09-2.vcxproj", "{E62D238D-567E-4074-AC3F-4486E60CB8A5}"
EndProject
Project("{8BC9CEB8-8B4A-11D0-8D11-00A0C91BC942}") = "Lecture05", "Lecture05\Lecture05.vcxproj", "{4B9D1EA9-C89D-432E-9E95-CBDF4BB25646}"
EndProject
Project("{8BC9CEB8-8B4A-11D0-8D11-00A0C91BC942}") = "Lecture11", "Lecture11\Lecture11.vcxproj", "{3957C1C5-4970-4F02-98EB-C9D3EDABE441}"
EndProject
Project("{8BC9CEB8-8B4A-11D0-8D11-00A0C91BC942}") = "Lecture11-1", "Lecture11-1\Lecture11-1.vcxproj", "{BE67FC54-86B7-4C11-8FEB-BA4B82555D30}"
EndProject
Global
	GlobalSection(SolutionConfigurationPlatforms) = preSolution
		Debug|x64 = Debug|x64
		Debug|x86 = Debug|x86
		Release|x64 = Release|x64
		Release|x86 = Release|x86
	EndGlobalSection
	GlobalSection(ProjectConfigurationPlatforms) = postSolution
		{522FD4CB-BA7D-424A-8804-6946CA45E4C2}.Debug|x64.ActiveCfg = Debug|x64
		{522FD4CB-BA7D-424A-8804-6946CA45E4C2}.Debug|x64.Build.0 = Debug|x64
		{522FD4CB-BA7D-424A-8804-6946CA45E4C2}.Debug|x86.ActiveCfg = Debug|Win32
		{522FD4CB-BA7D-424A-8804-6946CA45E4C2}.Debug|x86.Build.0 = Debug|Win32
		{522FD4CB-BA7D-424A-8804-6946CA45E4C2}.Release|x64.ActiveCfg = Release|x64
		{522FD4CB-BA7D-424A-8804-6946CA45E4C2}.Release|x64.Build.0 = Release|x64
		{522FD4CB-BA7D-424A-8804-6946CA45E4C2}.Release|x86.ActiveCfg = Release|Win32
		{522FD4CB-BA7D-424A-8804-6946CA45E4C2}.Release|x86.Build.0 = Release|Win32
		{EDB70202-741F-4485-B3DA-0A58E47CE963}.Debug|x64.ActiveCfg = Debug|x64
		{EDB70202-741F-4485-B3DA-0A58E47CE963}.Debug|x64.Build.0 = Debug|x64
		{EDB70202-741F-4485-B3DA-0A58E47CE963}.Debug|x86.ActiveCfg = Debug|Win32
		{EDB70202-741F-4485-B3DA-0A58E47CE963}.Debug|x86.Build.0 = Debug|Win32
		{EDB70202-741F-4485-B3DA-0A58E47CE963}.Release|x64.ActiveCfg = Release|x64
		{EDB70202-741F-4485-B3DA-0A58E47CE963}.Release|x64.Build.0 = Release|x64
		{EDB70202-741F-4485-B3DA-0A58E47CE963}.Release|x86.ActiveCfg = Release|Win32
		{EDB70202-741F-4485-B3DA-0A58E47CE963}.Release|x86.Build.0 = Release|Win32
		{89DA4E60-CAF3-4E29-AA9D-66887D9D4A68}.Debug|x64.ActiveCfg = Debug|x64
		{89DA4E60-CAF3-4E29-AA9D-66887D9D4A68}.Debug|x64.Build.0 = Debug|x64
		{89DA4E60-CAF3-4E29-AA9D-66887D9D4A68}.Debug|x86.ActiveCfg = Debug|Win32
		{89DA4E60-CAF3-4E29-AA9D-66887D9D4A68}.Debug|x86.Build.0 = Debug|Win32
		{89DA4E60-CAF3-4E29-AA9D-66887D9D4A68}.Release|x64.ActiveCfg = Release|x64
		{89DA4E60-CAF3-4E29-AA9D-66887D9D4A68}.Release|x64.Build.0 = Release|x64
		{89DA4E60-CAF3-4E29-AA9D-66887D9D4A68}.Release|x86.ActiveCfg = Release|Win32
		{89DA4E60-CAF3-4E29-AA9D-66887D9D4A68}.Release|x86.Build.0 = Release|Win32
		{E1D8B4FA-C75B-4C15-B157-F192ABE6B6CD}.Debug|x64.ActiveCfg = Debug|x64
		{E1D8B4FA-C75B-4C15-B157-F192ABE6B6CD}.Debug|x64.Build.0 = Debug|x64
		{E1D8B4FA-C75B-4C15-B157-F192ABE6B6CD}.Debug|x86.ActiveCfg = Debug|Win32
		{E1D8B4FA-C75B-4C15-B157-F192ABE6B6CD}.Debug|x86.Build.0 = Debug|Win32
		{E1D8B4FA-C75B-4C15-B157-F192ABE6B6CD}.Release|x64.ActiveCfg = Release|x64
		{E1D8B4FA-C75B-4C15-B157-F192ABE6B6CD}.Release|x64.Build.0 = Release|x64
		{E1D8B4FA-C75B-4C15-B157-F192ABE6B6CD}.Release|x86.ActiveCfg = Release|Win32
		{E1D8B4FA-C75B-4C15-B157-F192ABE6B6CD}.Release|x86.Build.0 = Release|Win32
		{F7F678A3-1857-4F8A-8C6A-9520CA2BFC5D}.Debug|x64.ActiveCfg = Debug|x64
		{F7F678A3-1857-4F8A-8C6A-9520CA2BFC5D}.Debug|x64.Build.0 = Debug|x64
		{F7F678A3-1857-4F8A-8C6A-9520CA2BFC5D}.Debug|x86.ActiveCfg = Debug|Win32
		{F7F678A3-1857-4F8A-8C6A-9520CA2BFC5D}.Debug|x86.Build.0 = Debug|Win32
		{F7F678A3-1857-4F8A-8C6A-9520CA2BFC5D}.Release|x64.ActiveCfg = Release|x64
		{F7F678A3-1857-4F8A-8C6A-9520CA2BFC5D}.Release|x64.Build.0 = Release|x64
		{F7F678A3-1857-4F8A-8C6A-9520CA2BFC5D}.Release|x86.ActiveCfg = Release|Win32
		{F7F678A3-1857-4F8A-8C6A-9520CA2BFC5D}.Release|x86.Build.0 = Release|Win32
		{1B23B095-E30E-407A-8EDC-D12C2FC8EB32}.Debug|x64.ActiveCfg = Debug|x64
		{1B23B095-E30E-407A-8EDC-D12C2FC8EB32}.Debug|x64.Build.0 = Debug|x64
		{1B23B095-E30E-407A-8EDC-D12C2FC8EB32}.Debug|x86.ActiveCfg = Debug|Win32
		{1B23B095-E30E-407A-8EDC-D12C2FC8EB32}.Debug|x86.Build.0 = Debug|Win32
		{1B23B095-E30E-407A-8EDC-D12C2FC8EB32}.Release|x64.ActiveCfg = Release|x64
		{1B23B095-E30E-407A-8EDC-D12C2FC8EB32}.Release|x64.Build.0 = Release|x64
		{1B23B095-E30E-407A-8EDC-D12C2FC8EB32}.Release|x86.ActiveCfg = Release|Win32
		{1B23B095-E30E-407A-8EDC-D12C2FC8EB32}.Release|x86.Build.0 = Release|Win32
		{7B604E71-FB34-436E-BA3E-7B617154D5CA}.Debug|x64.ActiveCfg = Debug|x64
		{7B604E71-FB34-436E-BA3E-7B617154D5CA}.Debug|x64.Build.0 = Debug|x64
		{7B604E71-FB34-436E-BA3E-7B617154D5CA}.Debug|x86.ActiveCfg = Debug|Win32
		{7B604E71-FB34-436E-BA3E-7B617154D5CA}.Debug|x86.Build.0 = Debug|Win32
		{7B604E71-FB34-436E-BA3E-7B617154D5CA}.Release|x64.ActiveCfg = Release|x64
		{7B604E71-FB34-436E-BA3E-7B617154D5CA}.Release|x64.Build.0 = Release|x64
		{7B604E71-FB34-436E-BA3E-7B617154D5CA}.Release|x86.ActiveCfg = Release|Win32
		{7B604E71-FB34-436E-BA3E-7B617154D5CA}.Release|x86.Build.0 = Release|Win32
		{58AB4D71-4F5F-453A-9AF5-C88AF01A5DCF}.Debug|x64.ActiveCfg = Debug|x64
		{58AB4D71-4F5F-453A-9AF5-C88AF01A5DCF}.Debug|x64.Build.0 = Debug|x64
		{58AB4D71-4F5F-453A-9AF5-C88AF01A5DCF}.Debug|x86.ActiveCfg = Debug|Win32
		{58AB4D71-4F5F-453A-9AF5-C88AF01A5DCF}.Debug|x86.Build.0 = Debug|Win32
		{58AB4D71-4F5F-453A-9AF5-C88AF01A5DCF}.Release|x64.ActiveCfg = Release|x64
		{58AB4D71-4F5F-453A-9AF5-C88AF01A5DCF}.Release|x64.Build.0 = Release|x64
		{58AB4D71-4F5F-453A-9AF5-C88AF01A5DCF}.Release|x86.ActiveCfg = Release|Win32
		{58AB4D71-4F5F-453A-9AF5-C88AF01A5DCF}.Release|x86.Build.0 = Release|Win32
		{96E82BA6-3FAC-4CAF-991D-30DC1AD38B3A}.Debug|x64.ActiveCfg = Debug|x64
		{96E82BA6-3FAC-4CAF-991D-30DC1AD38B3A}.Debug|x64.Build.0 = Debug|x64
		{96E82BA6-3FAC-4CAF-991D-30DC1AD38B3A}.Debug|x86.ActiveCfg = Debug|Win32
		{96E82BA6-3FAC-4CAF-991D-30DC1AD38B3A}.Debug|x86.Build.0 = Debug|Win32
		{96E82BA6-3FAC-4CAF-991D-30DC1AD38B3A}.Release|x64.ActiveCfg = Release|x64
		{96E82BA6-3FAC-4CAF-991D-30DC1AD38B3A}.Release|x64.Build.0 = Release|x64
		{96E82BA6-3FAC-4CAF-991D-30DC1AD38B3A}.Release|x86.ActiveCfg = Release|Win32
		{96E82BA6-3FAC-4CAF-991D-30DC1AD38B3A}.Release|x86.Build.0 = Release|Win32
		{F7F4D293-2FF9-48A6-8CEE-A63B8F2AD5B8}.Debug|x64.ActiveCfg = Debug|x64
		{F7F4D293-2FF9-48A6-8CEE-A63B8F2AD5B8}.Debug|x64.Build.0 = Debug|x64
		{F7F4D293-2FF9-48A6-8CEE-A63B8F2AD5B8}.Debug|x86.ActiveCfg = Debug|Win32
		{F7F4D293-2FF9-48A6-8CEE-A63B8F2AD5B8}.Debug|x86.Build.0 = Debug|Win32
		{F7F4D293-2FF9-48A6-8CEE-A63B8F2AD5B8}.Release|x64.ActiveCfg = Release|x64
		{F7F4D293-2FF9-48A6-8CEE-A63B8F2AD5B8}.Release|x64.Build.0 = Release|x64
		{F7F4D293-2FF9-48A6-8CEE-A63B8F2AD5B8}.Release|x86.ActiveCfg = Release|Win32
		{F7F4D293-2FF9-48A6-8CEE-A63B8F2AD5B8}.Release|x86.Build.0 = Release|Win32
		{9A3AB24C-6E6D-48EA-92F4-112D57C0A98E}.Debug|x64.ActiveCfg = Debug|x64
		{9A3AB24C-6E6D-48EA-92F4-112D57C0A98E}.Debug|x64.Build.0 = Debug|x64
		{9A3AB24C-6E6D-48EA-92F4-112D57C0A98E}.Debug|x86.ActiveCfg = Debug|Win32
		{9A3AB24C-6E6D-48EA-92F4-112D57C0A98E}.Debug|x86.Build.0 = Debug|Win32
		{9A3AB24C-6E6D-48EA-92F4-112D57C0A98E}.Release|x64.ActiveCfg = Release|x64
		{9A3AB24C-6E6D-48EA-92F4-112D57C0A98E}.Release|x64.Build.0 = Release|x64
		{9A3AB24C-6E6D-48EA-92F4-112D57C0A98E}.Release|x86.ActiveCfg = Release|Win32
		{9A3AB24C-6E6D-48EA-92F4-112D57C0A98E}.Release|x86.Build.0 = Release|Win32
		{82C9AE32-8CB5-40C3-B7E1-DFF3B355B240}.Debug|x64.ActiveCfg = Debug|x64
		{82C9AE32-8CB5-40C3-B7E1-DFF3B355B240}.Debug|x64.Build.0 = Debug|x64
		{82C9AE32-8CB5-40C3-B7E1-DFF3B355B240}.Debug|x86.ActiveCfg = Debug|Win32
		{82C9AE32-8CB5-40C3-B7E1-DFF3B355B240}.Debug|x86.Build.0 = Debug|Win32
		{82C9AE32-8CB5-40C3-B7E1-DFF3B355B240}.Release|x64.ActiveCfg = Release|x64
		{82C9AE32-8CB5-40C3-B7E1-DFF3B355B240}.Release|x64.Build.0 = Release|x64
		{82C9AE32-8CB5-40C3-B7E1-DFF3B355B240}.Release|x86.ActiveCfg = Release|Win32
		{82C9AE32-8CB5-40C3-B7E1-DFF3B355B240}.Release|x86.Build.0 = Release|Win32
		{9EB33A0D-88E8-4C80-B2E3-15699D49C60C}.Debug|x64.ActiveCfg = Debug|x64
		{9EB33A0D-88E8-4C80-B2E3-15699D49C60C}.Debug|x64.Build.0 = Debug|x64
		{9EB33A0D-88E8-4C80-B2E3-15699D49C60C}.Debug|x86.ActiveCfg = Debug|Win32
		{9EB33A0D-88E8-4C80-B2E3-15699D49C60C}.Debug|x86.Build.0 = Debug|Win32
		{9EB33A0D-88E8-4C80-B2E3-15699D49C60C}.Release|x64.ActiveCfg = Release|x64
		{9EB33A0D-88E8-4C80-B2E3-15699D49C60C}.Release|x64.Build.0 = Release|x64
		{9EB33A0D-88E8-4C80-B2E3-15699D49C60C}.Release|x86.ActiveCfg = Release|Win32
		{9EB33A0D-88E8-4C80-B2E3-15699D49C60C}.Release|x86.Build.0 = Release|Win32
		{CB566344-7EBA-47EF-8A96-B9C956FEC28B}.Debug|x64.ActiveCfg = Debug|x64
		{CB566344-7EBA-47EF-8A96-B9C956FEC28B}.Debug|x64.Build.0 = Debug|x64
		{CB566344-7EBA-47EF-8A96-B9C956FEC28B}.Debug|x86.ActiveCfg = Debug|Win32
		{CB566344-7EBA-47EF-8A96-B9C956FEC28B}.Debug|x86.Build.0 = Debug|Win32
		{CB566344-7EBA-47EF-8A96-B9C956FEC28B}.Release|x64.ActiveCfg = Release|x64
		{CB566344-7EBA-47EF-8A96-B9C956FEC28B}.Release|x64.Build.0 = Release|x64
		{CB566344-7EBA-47EF-8A96-B9C956FEC28B}.Release|x86.ActiveCfg = Release|Win32
		{CB566344-7EBA-47EF-8A96-B9C956FEC28B}.Release|x86.Build.0 = Release|Win32
		{E62D238D-567E-4074-AC3F-4486E60CB8A5}.Debug|x64.ActiveCfg = Debug|x64
		{E62D238D-567E-4074-AC3F-4486E60CB8A5}.Debug|x64.Build.0 = Debug|x64
		{E62D238D-567E-4074-AC3F-4486E60CB8A5}.Debug|x86.ActiveCfg = Debug|Win32
		{E62D238D-567E-4074-AC3F-4486E60CB8A5}.Debug|x86.Build.0 = Debug|Win32
		{E62D238D-567E-4074-AC3F-4486E60CB8A5}.Release|x64.ActiveCfg = Release|x64
		{E62D238D-567E-4074-AC3F-4486E60CB8A5}.Release|x64.Build.0 = Release|x64
		{E62D238D-567E-4074-AC3F-4486E60CB8A5}.Release|x86.ActiveCfg = Release|Win32
		{E62D238D-567E-4074-AC3F-4486E60CB8A5}.Release|x86.Build.0 = Release|Win32
		{4B9D1EA9-C89D-432E-9E95-CBDF4BB25646}.Debug|x64.ActiveCfg = Debug|x64
		{4B9D1EA9-C89D-432E-9E95-CBDF4BB25646}.Debug|x64.Build.0 = Debug|x64
		{4B9D1EA9-C89D-432E-9E95-CBDF4BB25646}.Debug|x86.ActiveCfg = Debug|Win32
		{4B9D1EA9-C89D-432E-9E95-CBDF4BB25646}.Debug|x86.Build.0 = Debug|Win32
		{4B9D1EA9-C89D-432E-9E95-CBDF4BB25646}.Release|x64.ActiveCfg = Release|x64
		{4B9D1EA9-C89D-432E-9E95-CBDF4BB25646}.Release|x64.Build.0 = Release|x64
		{4B9D1EA9-C89D-432E-9E95-CBDF4BB25646}.Release|x86.ActiveCfg = Release|Win32
		{4B9D1EA9-C89D-432E-9E95-CBDF4BB25646}.Release|x86.Build.0 = Release|Win32
		{3957C1C5-4970-4F02-98EB-C9D3EDABE441}.Debug|x64.ActiveCfg = Debug|x64
		{3957C1C5-4970-4F02-98EB-C9D3EDABE441}.Debug|x64.Build.0 = Debug|x64
		{3957C1C5-4970-4F02-98EB-C9D3EDABE441}.Debug|x86.ActiveCfg = Debug|Win32
		{3957C1C5-4970-4F02-98EB-C9D3EDABE441}.Debug|x86.Build.0 = Debug|Win32
		{3957C1C5-4970-4F02-98EB-C9D3EDABE441}.Release|x64.ActiveCfg = Release|x64
		{3957C1C5-4970-4F02-98EB-C9D3EDABE441}.Release|x64.Build.0 = Release|x64
		{3957C1C5-4970-4F02-98EB-C9D3EDABE441}.Release|x86.ActiveCfg = Release|Win32
		{3957C1C5-4970-4F02-98EB-C9D3EDABE441}.Release|x86.Build.0 = Release|Win32
		{BE67FC54-86B7-4C11-8FEB-BA4B82555D30}.Debug|x64.ActiveCfg = Debug|x64
		{BE67FC54-86B7-4C11-8FEB-BA4B82555D30}.Debug|x64.Build.0 = Debug|x64
		{BE67FC54-86B7-4C11-8FEB-BA4B82555D30}.Debug|x86.ActiveCfg = Debug|Win32
		{BE67FC54-86B7-4C11-8FEB-BA4B82555D30}.Debug|x86.Build.0 = Debug|Win32
		{BE67FC54-86B7-4C11-8FEB-BA4B82555D30}.Release|x64.ActiveCfg = Release|x64
		{BE67FC54-86B7-4C11-8FEB-BA4B82555D30}.Release|x64.Build.0 = Release|x64
		{BE67FC54-86B7-4C11-8FEB-BA4B82555D30}.Release|x86.ActiveCfg = Release|Win32
		{BE67FC54-86B7-4C11-8FEB-BA4B82555D30}.Release|x86.Build.0 = Release|Win32
	EndGlobalSection
	GlobalSection(SolutionProperties) = preSolution
		HideSolutionNode = FALSE
	EndGlobalSection
	GlobalSection(ExtensibilityGlobals) = postSolution
		SolutionGuid = {F96AD100-0039-41FC-A267-95FA1B0E0F3E}
	EndGlobalSection
EndGlobal
